PODS:
  - CocoaAsyncSocket (7.6.4)
  - MQTTClient (0.15.2):
    - MQTTClient/Core (= 0.15.2)
  - MQTTClient/Core (0.15.2):
    - MQTTClient/Manager
    - MQTTClient/Min
  - MQTTClient/Manager (0.15.2):
    - MQTTClient/Min
  - MQTTClient/Min (0.15.2)
  - Reachability (3.2)
  - WiserSmartActivatorKit (3.14.1):
    - Reachability
    - WiserSmartDeviceKit
  - WiserSmartBaseKit (3.14.1):
    - WiserSmartUtil
    - YYModel
  - WiserSmartDeviceKit (3.14.1):
    - WiserSmartBaseKit
    - WiserSmartMQTTChannelKit
    - WiserSmartSocketChannelKit
  - WiserSmartMQTTChannelKit (3.14.1):
    - MQTTClient (= 0.15.2)
    - WiserSmartBaseKit
  - WiserSmartSocketChannelKit (3.14.1):
    - CocoaAsyncSocket
    - WiserSmartBaseKit
  - WiserSmartUtil (3.14.1)
  - YYModel (1.0.4)

DEPENDENCIES:
  - WiserSmartActivatorKit (from `../`)
  - WiserSmartBaseKit (from `../`)
  - WiserSmartDeviceKit (from `../`)
  - WiserSmartMQTTChannelKit (from `../`)
  - WiserSmartSocketChannelKit (from `../`)
  - WiserSmartUtil (from `../`)

SPEC REPOS:
  trunk:
    - CocoaAsyncSocket
    - MQTTClient
    - Reachability
    - YYModel

EXTERNAL SOURCES:
  WiserSmartActivatorKit:
    :path: "../"
  WiserSmartBaseKit:
    :path: "../"
  WiserSmartDeviceKit:
    :path: "../"
  WiserSmartMQTTChannelKit:
    :path: "../"
  WiserSmartSocketChannelKit:
    :path: "../"
  WiserSmartUtil:
    :path: "../"

SPEC CHECKSUMS:
  CocoaAsyncSocket: 694058e7c0ed05a9e217d1b3c7ded962f4180845
  MQTTClient: 902c7bcac1501595f3d0b15178c7205b40331fb0
  Reachability: 33e18b67625424e47b6cde6d202dce689ad7af96
  WiserSmartActivatorKit: 55be165d3278aba306c4e66f06e2e7609701ec16
  WiserSmartBaseKit: e07ef704783313ea88b285daf3ee0c883a4654b4
  WiserSmartDeviceKit: d79fb1b5789c0760f5a9d989c686fa16b82cbb7c
  WiserSmartMQTTChannelKit: fa4ec5b0994b2ea1c2d170eaf448a175d27949ef
  WiserSmartSocketChannelKit: 90d9d7118abd0269f6df62c7edcf4149f130c6c6
  WiserSmartUtil: 2b8a00dabf30387ff2f3d4e7b601d0a443d2be83
  YYModel: 2a7fdd96aaa4b86a824e26d0c517de8928c04b30

PODFILE CHECKSUM: 57c04ef108bfbf5b91e7dea5744c424202ffadd3

COCOAPODS: 1.8.4
